PODS:
  - DZNEmptyDataSet (1.8.1)
  - PSTAlertController (1.2.0)
  - SSZipArchive (2.1.5)
  - SVProgressHUD (2.2.5)
  - TMCache (2.1.0)
  - Toast (4.0.0)
  - WGLCategories (0.0.10)
  - WGLCircleProgressView (0.0.4)
  - WGLDownloadProvider (0.2.3):
    - WGLFileCache (~> 0.0.3)
  - WGLFileCache (0.0.3)
  - WGLFileManager (0.0.1)
  - WGLHorizontalScrollFlowLayout (0.0.1)
  - WGLNetworkMonitor (0.0.12)
  - WGLSegmentView (0.7.0)
  - WGLTrafficMonitor (0.0.5)
  - WGLUploadProvider (0.0.4):
    - WGLFileManager (~> 0.0.1)

DEPENDENCIES:
  - DZNEmptyDataSet (~> 1.8.1)
  - PSTAlertController (~> 1.2.0)
  - SSZipArchive (~> 2.1.4)
  - SVProgressHUD (~> 2.2.5)
  - TMCache (~> 2.1.0)
  - Toast (~> 4.0.0)
  - WGLCategories (= 0.0.10)
  - WGLCircleProgressView (= 0.0.4)
  - WGLDownloadProvider (= 0.2.3)
  - WGLFileCache (= 0.0.3)
  - WGLFileManager (= 0.0.1)
  - WGLHorizontalScrollFlowLayout (= 0.0.1)
  - WGLNetworkMonitor (= 0.0.12)
  - WGLSegmentView (= 0.7.0)
  - WGLTrafficMonitor (= 0.0.5)
  - WGLUploadProvider (~> 0.0.4)

SPEC REPOS:
  https://github.com/cocoapods/specs.git:
    - DZNEmptyDataSet
    - PSTAlertController
    - SSZipArchive
    - SVProgressHUD
    - TMCache
    - Toast
    - WGLCategories
    - WGLCircleProgressView
    - WGLDownloadProvider
    - WGLFileCache
    - WGLFileManager
    - WGLHorizontalScrollFlowLayout
    - WGLNetworkMonitor
    - WGLSegmentView
    - WGLTrafficMonitor
    - WGLUploadProvider

SPEC CHECKSUMS:
  DZNEmptyDataSet: 9525833b9e68ac21c30253e1d3d7076cc828eaa7
  PSTAlertController: 9b802dfbda54fee2683bfd6dda7023a6de895d5b
  SSZipArchive: cefe1364104a0231268a5deb8495bdf2861f52f0
  SVProgressHUD: 1428aafac632c1f86f62aa4243ec12008d7a51d6
  TMCache: 95ebcc9b3c7e90fb5fd8fc3036cba3aa781c9bed
  Toast: 91b396c56ee72a5790816f40d3a94dd357abc196
  WGLCategories: d9048673ee83cb388b226e592ed2bb4ba6f51cc8
  WGLCircleProgressView: f3452c8349d813e8ce1232ed47cf7cbc398e4352
  WGLDownloadProvider: 10ee51b675ff6057d671896420324e4c12b22a2d
  WGLFileCache: dee526403b21733fd3319983117f6b802ce31d95
  WGLFileManager: 431bf50d40121ff35b6e87a0d5a1f3f4d04773a4
  WGLHorizontalScrollFlowLayout: 6b9a2db41fcfb0a67eaa889adf19e42b0a42a96b
  WGLNetworkMonitor: ad531e5aab5e45aae22287b94740ccf925e198bf
  WGLSegmentView: 8fd8f87e679e0d78bc1dec098ffb65413b540300
  WGLTrafficMonitor: f127177ae7375c1485241fb56eb0af50322cfd78
  WGLUploadProvider: 265651f746305a08712b8121fe34754c7596fa46

PODFILE CHECKSUM: e3477338868e25775c2a9edd0184aed5d57eb528

COCOAPODS: 1.6.1
